// !$*UTF8*$!
{
	archiveVersion = 1;
	classes = {
	};
	objectVersion = 46;
	objects = {

/* Begin PBXBuildFile section */
		4648406B1E4ACF9E006A3EEE /* main.cpp in Sources */ = {isa = PBXBuildFile; fileRef = 4648406A1E4ACF9E006A3EEE /* main.cpp */; };
/* End PBXBuildFile section */

/* Begin PBXCopyFilesBuildPhase section */
		464840651E4ACF9D006A3EEE /* CopyFiles */ = {
			isa = PBXCopyFilesBuildPhase;
			buildActionMask = 2147483647;
			dstPath = /usr/share/man/man1/;
			dstSubfolderSpec = 0;
			files = (
			);
			runOnlyForDeploymentPostprocessing = 1;
		};
/* End PBXCopyFilesBuildPhase section */

/* Begin PBXFileReference section */
		464840671E4ACF9E006A3EEE /* COMP 235 Bubble Sort Template */ = {isa = PBXFileReference; explicitFileType = "compiled.mach-o.executable"; includeInIndex = 0; path = "COMP 235 Bubble Sort Template"; sourceTree = BUILT_PRODUCTS_DIR; };
		4648406A1E4ACF9E006A3EEE /* main.cpp */ = {isa = PBXFileReference; lastKnownFileType = sourcecode.cpp.cpp; path = main.cpp; sourceTree = "<group>"; };
/* End PBXFileReference section */

/* Begin PBXFrameworksBuildPhase section */
		464840641E4ACF9D006A3EEE /* Frameworks */ = {
			isa = PBXFrameworksBuildPhase;
			buildActionMask = 2147483647;
			files = (
			);
			runOnlyForDeploymentPostprocessing = 0;
		};
/* End PBXFrameworksBuildPhase section */

/* Begin PBXGroup section */
		4648405E1E4ACF9D006A3EEE = {
			isa = PBXGroup;
			children = (
				464840691E4ACF9E006A3EEE /* COMP 235 Bubble Sort Template */,
				464840681E4ACF9E006A3EEE /* Products */,
			);
			sourceTree = "<group>";
		};
		464840681E4ACF9E006A3EEE /* Products */ = {
			isa = PBXGroup;
			children = (
				464840671E4ACF9E006A3EEE /* COMP 235 Bubble Sort Template */,
			);
			name = Products;
			sourceTree = "<group>";
		};
		464840691E4ACF9E006A3EEE /* COMP 235 Bubble Sort Template */ = {
			isa = PBXGroup;
			children = (
				4648406A1E4ACF9E006A3EEE /* main.cpp */,
			);
			path = "COMP 235 Bubble Sort Template";
			sourceTree = "<group>";
		};
/* End PBXGroup section */

/* Begin PBXNativeTarget section */
		464840661E4ACF9D006A3EEE /* COMP 235 Bubble Sort Template */ = {
			isa = PBXNativeTarget;
			buildConfigurationList = 4648406E1E4ACF9E006A3EEE /* Build configuration list for PBXNativeTarget "COMP 235 Bubble Sort Template" */;
			buildPhases = (
				464840631E4ACF9D006A3EEE /* Sources */,
				464840641E4ACF9D006A3EEE /* Frameworks */,
				464840651E4ACF9D006A3EEE /* CopyFiles */,
			);
			buildRules = (
			);
			dependencies = (
			);
			name = "COMP 235 Bubble Sort Template";
			productName = "COMP 235 Bubble Sort Template";
			productReference = 464840671E4ACF9E006A3EEE /* COMP 235 Bubble Sort Template */;
			productType = "com.apple.product-type.tool";
		};
/* End PBXNativeTarget section */

/* Begin PBXProject section */
		4648405F1E4ACF9D006A3EEE /* Project object */ = {
			isa = PBXProject;
			attributes = {
				LastUpgradeCheck = 0820;
				ORGANIZATIONNAME = alex;
				TargetAttributes = {
					464840661E4ACF9D006A3EEE = {
						CreatedOnToolsVersion = 8.2.1;
						ProvisioningStyle = Automatic;
					};
				};
			};
			buildConfigurationList = 464840621E4ACF9D006A3EEE /* Build configuration list for PBXProject "COMP 235 Bubble Sort Template" */;
			compatibilityVersion = "Xcode 3.2";
			developmentRegion = English;
			hasScannedForEncodings = 0;
			knownRegions = (
				en,
			);
			mainGroup = 4648405E1E4ACF9D006A3EEE;
			productRefGroup = 464840681E4ACF9E006A3EEE /* Products */;
			projectDirPath = "";
			projectRoot = "";
			targets = (
				464840661E4ACF9D006A3EEE /* COMP 235 Bubble Sort Template */,
			);
		};
/* End PBXProject section */

/* Begin PBXSourcesBuildPhase section */
		464840631E4ACF9D006A3EEE /* Sources */ = {
			isa = PBXSourcesBuildPhase;
			buildActionMask = 2147483647;
			files = (
				4648406B1E4ACF9E006A3EEE /* main.cpp in Sources */,
			);
			runOnlyForDeploymentPostprocessing = 0;
		};
/* End PBXSourcesBuildPhase section */

/* Begin XCBuildConfiguration section */
		4648406C1E4ACF9E006A3EEE /* Debug */ = {
			isa = XCBuildConfiguration;
			buildSettings = {
				ALWAYS_SEARCH_USER_PATHS = NO;
				CLANG_ANALYZER_NONNULL = YES;
				CLANG_CXX_LANGUAGE_STANDARD = "gnu++0x";
				CLANG_CXX_LIBRARY = "libc++";
				CLANG_ENABLE_MODULES = YES;
				CLANG_ENABLE_OBJC_ARC = YES;
				CLANG_WARN_BOOL_CONVERSION = YES;
				CLANG_WARN_CONSTANT_CONVERSION = YES;
				CLANG_WARN_DIRECT_OBJC_ISA_USAGE = YES_ERROR;
				CLANG_WARN_DOCUMENTATION_COMMENTS = YES;
				CLANG_WARN_EMPTY_BODY = YES;
				CLANG_WARN_ENUM_CONVERSION = YES;
				CLANG_WARN_INFINITE_RECURSION = YES;
				CLANG_WARN_INT_CONVERSION = YES;
				CLANG_WARN_OBJC_ROOT_CLASS = YES_ERROR;
				CLANG_WARN_SUSPICIOUS_MOVE = YES;
				CLANG_WARN_UNREACHABLE_CODE = YES;
				CLANG_WARN__DUPLICATE_METHOD_MATCH = YES;
				CODE_SIGN_IDENTITY = "-";
				COPY_PHASE_STRIP = NO;
				DEBUG_INFORMATION_FORMAT = dwarf;
				ENABLE_STRICT_OBJC_MSGSEND = YES;
				ENABLE_TESTABILITY = YES;
				GCC_C_LANGUAGE_STANDARD = gnu99;
				GCC_DYNAMIC_NO_PIC = NO;
				GCC_NO_COMMON_BLOCKS = YES;
				GCC_OPTIMIZATION_LEVEL = 0;
				GCC_PREPROCESSOR_DEFINITIONS = (
					"DEBUG=1",
					"$(inherited)",
				);
				GCC_WARN_64_TO_32_BIT_CONVERSION = YES;
				GCC_WARN_ABOUT_RETURN_TYPE = YES_ERROR;
				GCC_WARN_UNDECLARED_SELECTOR = YES;
				GCC_WARN_UNINITIALIZED_AUTOS = YES_AGGRESSIVE;
				GCC_WARN_UNUSED_FUNCTION = YES;
				GCC_WARN_UNUSED_VARIABLE = YES;
				MACOSX_DEPLOYMENT_TARGET = 10.12;
				MTL_ENABLE_DEBUG_INFO = YES;
				ONLY_ACTIVE_ARCH = YES;
				SDKROOT = macosx;
			};
			name = Debug;
		};
		4648406D1E4ACF9E006A3EEE /* Release */ = {
			isa = XCBuildConfiguration;
			buildSettings = {
				ALWAYS_SEARCH_USER_PATHS = NO;
				CLANG_ANALYZER_NONNULL = YES;
				CLANG_CXX_LANGUAGE_STANDARD = "gnu++0x";
				CLANG_CXX_LIBRARY = "libc++";
				CLANG_ENABLE_MODULES = YES;
				CLANG_ENABLE_OBJC_ARC = YES;
				CLANG_WARN_BOOL_CONVERSION = YES;
				CLANG_WARN_CONSTANT_CONVERSION = YES;
				CLANG_WARN_DIRECT_OBJC_ISA_USAGE = YES_ERROR;
				CLANG_WARN_DOCUMENTATION_COMMENTS = YES;
				CLANG_WARN_EMPTY_BODY = YES;
				CLANG_WARN_ENUM_CONVERSION = YES;
				CLANG_WARN_INFINITE_RECURSION = YES;
				CLANG_WARN_INT_CONVERSION = YES;
				CLANG_WARN_OBJC_ROOT_CLASS = YES_ERROR;
				CLANG_WARN_SUSPICIOUS_MOVE = YES;
				CLANG_WARN_UNREACHABLE_CODE = YES;
				CLANG_WARN__DUPLICATE_METHOD_MATCH = YES;
				CODE_SIGN_IDENTITY = "-";
				COPY_PHASE_STRIP = NO;
				DEBUG_INFORMATION_FORMAT = "dwarf-with-dsym";
				ENABLE_NS_ASSERTIONS = NO;
				ENABLE_STRICT_OBJC_MSGSEND = YES;
				GCC_C_LANGUAGE_STANDARD = gnu99;
				GCC_NO_COMMON_BLOCKS = YES;
				GCC_WARN_64_TO_32_BIT_CONVERSION = YES;
				GCC_WARN_ABOUT_RETURN_TYPE = YES_ERROR;
				GCC_WARN_UNDECLARED_SELECTOR = YES;
				GCC_WARN_UNINITIALIZED_AUTOS = YES_AGGRESSIVE;
				GCC_WARN_UNUSED_FUNCTION = YES;
				GCC_WARN_UNUSED_VARIABLE = YES;
				MACOSX_DEPLOYMENT_TARGET = 10.12;
				MTL_ENABLE_DEBUG_INFO = NO;
				SDKROOT = macosx;
			};
			name = Release;
		};
		4648406F1E4ACF9E006A3EEE /* Debug */ = {
			isa = XCBuildConfiguration;
			buildSettings = {
				PRODUCT_NAME = "$(TARGET_NAME)";
			};
			name = Debug;
		};
		464840701E4ACF9E006A3EEE /* Release */ = {
			isa = XCBuildConfiguration;
			buildSettings = {
				PRODUCT_NAME = "$(TARGET_NAME)";
			};
			name = Release;
		};
/* End XCBuildConfiguration section */

/* Begin XCConfigurationList section */
		464840621E4ACF9D006A3EEE /* Build configuration list for PBXProject "COMP 235 Bubble Sort Template" */ = {
			isa = XCConfigurationList;
			buildConfigurations = (
				4648406C1E4ACF9E006A3EEE /* Debug */,
				4648406D1E4ACF9E006A3EEE /* Release */,
			);
			defaultConfigurationIsVisible = 0;
			defaultConfigurationName = Release;
		};
		4648406E1E4ACF9E006A3EEE /* Build configuration list for PBXNativeTarget "COMP 235 Bubble Sort Template" */ = {
			isa = XCConfigurationList;
			buildConfigurations = (
				4648406F1E4ACF9E006A3EEE /* Debug */,
				464840701E4ACF9E006A3EEE /* Release */,
			);
			defaultConfigurationIsVisible = 0;
		};
/* End XCConfigurationList section */
	};
	rootObject = 4648405F1E4ACF9D006A3EEE /* Project object */;
}
